
Microsoft Visual Studio Solution File, Format Version 12.00
# Visual Studio Version 17
VisualStudioVersion = 17.11.35219.272
MinimumVisualStudioVersion = 10.0.40219.1
Project("{FAE04EC0-301F-11D3-BF4B-00C04F79EFBC}") = "Blood Bank Management", "Blood Bank Management.csproj", "{20044A14-D51D-42D2-AD91-31F017B04E17}"
EndProject
Global
	GlobalSection(SolutionConfigurationPlatforms) = preSolution
		Debug|Any CPU = Debug|Any CPU
		Release|Any CPU = Release|Any CPU
	EndGlobalSection
	GlobalSection(ProjectConfigurationPlatforms) = postSolution
		{20044A14-D51D-42D2-AD91-31F017B04E17}.Debug|Any CPU.ActiveCfg = Debug|Any CPU
		{20044A14-D51D-42D2-AD91-31F017B04E17}.Debug|Any CPU.Build.0 = Debug|Any CPU
		{20044A14-D51D-42D2-AD91-31F017B04E17}.Release|Any CPU.ActiveCfg = Release|Any CPU
		{20044A14-D51D-42D2-AD91-31F017B04E17}.Release|Any CPU.Build.0 = Release|Any CPU
	EndGlobalSection
	GlobalSection(SolutionProperties) = preSolution
		HideSolutionNode = FALSE
	EndGlobalSection
	GlobalSection(ExtensibilityGlobals) = postSolution
		SolutionGuid = {7A4F6399-DBB8-44FF-B222-2362C913F3C9}
	EndGlobalSection
EndGlobal
